
Microsoft Visual Studio Solution File, Format Version 12.00
# Visual Studio Version 16
VisualStudioVersion = 16.0.29519.87
MinimumVisualStudioVersion = 10.0.40219.1
Project("{FAE04EC0-301F-11D3-BF4B-00C04F79EFBC}") = "AuthenticationService", "AuthenticationService\AuthenticationService.csproj", "{B0650FC4-16FC-472F-A5B7-469D97AAF6DF}"
EndProject
Global
	GlobalSection(SolutionConfigurationPlatforms) = preSolution
		Debug|Any CPU = Debug|Any CPU
		Release|Any CPU = Release|Any CPU
	EndGlobalSection
	GlobalSection(ProjectConfigurationPlatforms) = postSolution
		{B0650FC4-16FC-472F-A5B7-469D97AAF6DF}.Debug|Any CPU.ActiveCfg = Debug|Any CPU
		{B0650FC4-16FC-472F-A5B7-469D97AAF6DF}.Debug|Any CPU.Build.0 = Debug|Any CPU
		{B0650FC4-16FC-472F-A5B7-469D97AAF6DF}.Release|Any CPU.ActiveCfg = Release|Any CPU
		{B0650FC4-16FC-472F-A5B7-469D97AAF6DF}.Release|Any CPU.Build.0 = Release|Any CPU
	EndGlobalSection
	GlobalSection(SolutionProperties) = preSolution
		HideSolutionNode = FALSE
	EndGlobalSection
	GlobalSection(ExtensibilityGlobals) = postSolution
		SolutionGuid = {BC50ED1C-B456-4E16-811C-106583C1ADF4}
	EndGlobalSection
EndGlobal
